{
  "pins" : [
    {
      "identity" : "alamofire",
      "kind" : "remoteSourceControl",
      "location" : "https://github.com/Alamofire/Alamofire",
      "state" : {
        "revision" : "8dd85aee02e39dd280c75eef88ffdb86eed4b07b",
        "version" : "5.6.2"
      }
    },
    {
      "identity" : "keychainaccess",
      "kind" : "remoteSourceControl",
      "location" : "https://github.com/kishikawakatsumi/KeychainAccess",
      "state" : {
        "branch" : "master",
        "revision" : "6299daec1d74be12164fec090faf9ed14d0da9d6"
      }
    },
    {
      "identity" : "pkhud",
      "kind" : "remoteSourceControl",
      "location" : "https://github.com/pkluz/PKHUD",
      "state" : {
        "revision" : "8fd26f23057c6bebd6695524b1c3e05e93aba571",
        "version" : "5.4.0"
      }
    },
    {
      "identity" : "r.swift.library",
      "kind" : "remoteSourceControl",
      "location" : "https://github.com/mac-cain13/R.swift.Library",
      "state" : {
        "branch" : "master",
        "revision" : "3a64127e8113cc33179504dfadc91b361d55a0b1"
      }
    },
    {
      "identity" : "reusable",
      "kind" : "remoteSourceControl",
      "location" : "https://github.com/AliSoftware/Reusable",
      "state" : {
        "revision" : "18674709421360e210c2ecd4e8e08b217d4ea61d",
        "version" : "4.1.2"
      }
    },
    {
      "identity" : "tpkeyboardavoiding",
      "kind" : "remoteSourceControl",
      "location" : "https://github.com/michaeltyson/TPKeyboardAvoiding",
      "state" : {
        "branch" : "master",
        "revision" : "3217d6287a6b0ecb1db65a214a2e0fba9934e417"
      }
    }
  ],
  "version" : 2
}
